// !$*UTF8*$!
{
	archiveVersion = 1;
	classes = {
	};
	objectVersion = 55;
	objects = {

/* Begin PBXBuildFile section */
		CD1AB412288F5BA300BC8AA7 /* Example_Alert.swift in Sources */ = {isa = PBXBuildFile; fileRef = CD1AB411288F5BA300BC8AA7 /* Example_Alert.swift */; };
		CD1B859A288A542700520CC2 /* Example_AttributedString.swift in Sources */ = {isa = PBXBuildFile; fileRef = CD1B8599288A542700520CC2 /* Example_AttributedString.swift */; };
		CD1B859E288B81E900520CC2 /* Example_NavigationStack1.swift in Sources */ = {isa = PBXBuildFile; fileRef = CD1B859D288B81E900520CC2 /* Example_NavigationStack1.swift */; };
		CD29E31728898B550042D090 /* Example_Label.swift in Sources */ = {isa = PBXBuildFile; fileRef = CD29E31628898B550042D090 /* Example_Label.swift */; };
		CD29E3192889EEF70042D090 /* Example_Group.swift in Sources */ = {isa = PBXBuildFile; fileRef = CD29E3182889EEF70042D090 /* Example_Group.swift */; };
		CD29E31B2889F2840042D090 /* Example_TimelineView.swift in Sources */ = {isa = PBXBuildFile; fileRef = CD29E31A2889F2840042D090 /* Example_TimelineView.swift */; };
		CD343D4F288E48720048E4F1 /* Example_NavigationStack2.swift in Sources */ = {isa = PBXBuildFile; fileRef = CD343D4E288E48720048E4F1 /* Example_NavigationStack2.swift */; };
		CD52DE61288A4520007FA14C /* Example_Preview1.swift in Sources */ = {isa = PBXBuildFile; fileRef = CD52DE60288A4520007FA14C /* Example_Preview1.swift */; };
		CD52DE63288A4A0A007FA14C /* Example_Preview2.swift in Sources */ = {isa = PBXBuildFile; fileRef = CD52DE62288A4A0A007FA14C /* Example_Preview2.swift */; };
		CD595F5427D9849B006E13A5 /* Example_HStack.swift in Sources */ = {isa = PBXBuildFile; fileRef = CD595F5327D9849B006E13A5 /* Example_HStack.swift */; };
		CD595F5627D98873006E13A5 /* Example_ZStack.swift in Sources */ = {isa = PBXBuildFile; fileRef = CD595F5527D98873006E13A5 /* Example_ZStack.swift */; };
		CD595F5827D98D18006E13A5 /* Example_List1.swift in Sources */ = {isa = PBXBuildFile; fileRef = CD595F5727D98D18006E13A5 /* Example_List1.swift */; };
		CD717EE327D9745F00C3DC93 /* SwiftUIBasicApp.swift in Sources */ = {isa = PBXBuildFile; fileRef = CD717EE227D9745F00C3DC93 /* SwiftUIBasicApp.swift */; };
		CD717EE527D9745F00C3DC93 /* ContentView.swift in Sources */ = {isa = PBXBuildFile; fileRef = CD717EE427D9745F00C3DC93 /* ContentView.swift */; };
		CD717EE727D9746000C3DC93 /* Assets.xcassets in Resources */ = {isa = PBXBuildFile; fileRef = CD717EE627D9746000C3DC93 /* Assets.xcassets */; };
		CD717EEA27D9746000C3DC93 /* Preview Assets.xcassets in Resources */ = {isa = PBXBuildFile; fileRef = CD717EE927D9746000C3DC93 /* Preview Assets.xcassets */; };
		CD717EF127D9762D00C3DC93 /* Example_Text.swift in Sources */ = {isa = PBXBuildFile; fileRef = CD717EF027D9762D00C3DC93 /* Example_Text.swift */; };
		CD717EF327D97B6F00C3DC93 /* Example_VStack.swift in Sources */ = {isa = PBXBuildFile; fileRef = CD717EF227D97B6F00C3DC93 /* Example_VStack.swift */; };
		CDBEAA8927FC6D5000E295BC /* Example_SafariVC.swift in Sources */ = {isa = PBXBuildFile; fileRef = CDBEAA8827FC6D5000E295BC /* Example_SafariVC.swift */; };
		CDF3406627D999F200DF6E57 /* Example_List2.swift in Sources */ = {isa = PBXBuildFile; fileRef = CDF3406527D999F200DF6E57 /* Example_List2.swift */; };
		CDF3406827D99F4000DF6E57 /* Example_Modal.swift in Sources */ = {isa = PBXBuildFile; fileRef = CDF3406727D99F4000DF6E57 /* Example_Modal.swift */; };
/* End PBXBuildFile section */

/* Begin PBXFileReference section */
		CD1AB411288F5BA300BC8AA7 /* Example_Alert.swift */ = {isa = PBXFileReference; lastKnownFileType = sourcecode.swift; path = Example_Alert.swift; sourceTree = "<group>"; };
		CD1B8599288A542700520CC2 /* Example_AttributedString.swift */ = {isa = PBXFileReference; lastKnownFileType = sourcecode.swift; path = Example_AttributedString.swift; sourceTree = "<group>"; };
		CD1B859D288B81E900520CC2 /* Example_NavigationStack1.swift */ = {isa = PBXFileReference; lastKnownFileType = sourcecode.swift; path = Example_NavigationStack1.swift; sourceTree = "<group>"; };
		CD29E31628898B550042D090 /* Example_Label.swift */ = {isa = PBXFileReference; lastKnownFileType = sourcecode.swift; path = Example_Label.swift; sourceTree = "<group>"; };
		CD29E3182889EEF70042D090 /* Example_Group.swift */ = {isa = PBXFileReference; lastKnownFileType = sourcecode.swift; path = Example_Group.swift; sourceTree = "<group>"; };
		CD29E31A2889F2840042D090 /* Example_TimelineView.swift */ = {isa = PBXFileReference; lastKnownFileType = sourcecode.swift; path = Example_TimelineView.swift; sourceTree = "<group>"; };
		CD343D4E288E48720048E4F1 /* Example_NavigationStack2.swift */ = {isa = PBXFileReference; lastKnownFileType = sourcecode.swift; path = Example_NavigationStack2.swift; sourceTree = "<group>"; };
		CD52DE60288A4520007FA14C /* Example_Preview1.swift */ = {isa = PBXFileReference; lastKnownFileType = sourcecode.swift; path = Example_Preview1.swift; sourceTree = "<group>"; };
		CD52DE62288A4A0A007FA14C /* Example_Preview2.swift */ = {isa = PBXFileReference; lastKnownFileType = sourcecode.swift; path = Example_Preview2.swift; sourceTree = "<group>"; };
		CD595F5327D9849B006E13A5 /* Example_HStack.swift */ = {isa = PBXFileReference; lastKnownFileType = sourcecode.swift; path = Example_HStack.swift; sourceTree = "<group>"; };
		CD595F5527D98873006E13A5 /* Example_ZStack.swift */ = {isa = PBXFileReference; lastKnownFileType = sourcecode.swift; path = Example_ZStack.swift; sourceTree = "<group>"; };
		CD595F5727D98D18006E13A5 /* Example_List1.swift */ = {isa = PBXFileReference; lastKnownFileType = sourcecode.swift; path = Example_List1.swift; sourceTree = "<group>"; };
		CD717EDF27D9745F00C3DC93 /* SwiftUIBasic.app */ = {isa = PBXFileReference; explicitFileType = wrapper.application; includeInIndex = 0; path = SwiftUIBasic.app; sourceTree = BUILT_PRODUCTS_DIR; };
		CD717EE227D9745F00C3DC93 /* SwiftUIBasicApp.swift */ = {isa = PBXFileReference; lastKnownFileType = sourcecode.swift; path = SwiftUIBasicApp.swift; sourceTree = "<group>"; };
		CD717EE427D9745F00C3DC93 /* ContentView.swift */ = {isa = PBXFileReference; lastKnownFileType = sourcecode.swift; path = ContentView.swift; sourceTree = "<group>"; };
		CD717EE627D9746000C3DC93 /* Assets.xcassets */ = {isa = PBXFileReference; lastKnownFileType = folder.assetcatalog; path = Assets.xcassets; sourceTree = "<group>"; };
		CD717EE927D9746000C3DC93 /* Preview Assets.xcassets */ = {isa = PBXFileReference; lastKnownFileType = folder.assetcatalog; path = "Preview Assets.xcassets"; sourceTree = "<group>"; };
		CD717EF027D9762D00C3DC93 /* Example_Text.swift */ = {isa = PBXFileReference; lastKnownFileType = sourcecode.swift; path = Example_Text.swift; sourceTree = "<group>"; };
		CD717EF227D97B6F00C3DC93 /* Example_VStack.swift */ = {isa = PBXFileReference; lastKnownFileType = sourcecode.swift; path = Example_VStack.swift; sourceTree = "<group>"; };
		CDBEAA8827FC6D5000E295BC /* Example_SafariVC.swift */ = {isa = PBXFileReference; lastKnownFileType = sourcecode.swift; path = Example_SafariVC.swift; sourceTree = "<group>"; };
		CDF3406527D999F200DF6E57 /* Example_List2.swift */ = {isa = PBXFileReference; lastKnownFileType = sourcecode.swift; path = Example_List2.swift; sourceTree = "<group>"; };
		CDF3406727D99F4000DF6E57 /* Example_Modal.swift */ = {isa = PBXFileReference; lastKnownFileType = sourcecode.swift; path = Example_Modal.swift; sourceTree = "<group>"; };
/* End PBXFileReference section */

/* Begin PBXFrameworksBuildPhase section */
		CD717EDC27D9745F00C3DC93 /* Frameworks */ = {
			isa = PBXFrameworksBuildPhase;
			buildActionMask = 2147483647;
			files = (
			);
			runOnlyForDeploymentPostprocessing = 0;
		};
/* End PBXFrameworksBuildPhase section */

/* Begin PBXGroup section */
		CD1B859C288B7CA300520CC2 /* Views */ = {
			isa = PBXGroup;
			children = (
				CD717EF027D9762D00C3DC93 /* Example_Text.swift */,
				CD717EF227D97B6F00C3DC93 /* Example_VStack.swift */,
				CD595F5327D9849B006E13A5 /* Example_HStack.swift */,
				CD595F5527D98873006E13A5 /* Example_ZStack.swift */,
				CD595F5727D98D18006E13A5 /* Example_List1.swift */,
				CDF3406527D999F200DF6E57 /* Example_List2.swift */,
				CDF3406727D99F4000DF6E57 /* Example_Modal.swift */,
				CDBEAA8827FC6D5000E295BC /* Example_SafariVC.swift */,
				CD29E31628898B550042D090 /* Example_Label.swift */,
				CD29E3182889EEF70042D090 /* Example_Group.swift */,
				CD29E31A2889F2840042D090 /* Example_TimelineView.swift */,
				CD52DE60288A4520007FA14C /* Example_Preview1.swift */,
				CD52DE62288A4A0A007FA14C /* Example_Preview2.swift */,
				CD1B8599288A542700520CC2 /* Example_AttributedString.swift */,
				CD1B859D288B81E900520CC2 /* Example_NavigationStack1.swift */,
				CD343D4E288E48720048E4F1 /* Example_NavigationStack2.swift */,
				CD1AB411288F5BA300BC8AA7 /* Example_Alert.swift */,
			);
			path = Views;
			sourceTree = "<group>";
		};
		CD717ED627D9745F00C3DC93 = {
			isa = PBXGroup;
			children = (
				CD717EE127D9745F00C3DC93 /* SwiftUIBasic */,
				CD717EE027D9745F00C3DC93 /* Products */,
			);
			sourceTree = "<group>";
		};
		CD717EE027D9745F00C3DC93 /* Products */ = {
			isa = PBXGroup;
			children = (
				CD717EDF27D9745F00C3DC93 /* SwiftUIBasic.app */,
			);
			name = Products;
			sourceTree = "<group>";
		};
		CD717EE127D9745F00C3DC93 /* SwiftUIBasic */ = {
			isa = PBXGroup;
			children = (
				CD717EE227D9745F00C3DC93 /* SwiftUIBasicApp.swift */,
				CD717EE427D9745F00C3DC93 /* ContentView.swift */,
				CD1B859C288B7CA300520CC2 /* Views */,
				CD717EE627D9746000C3DC93 /* Assets.xcassets */,
				CD717EE827D9746000C3DC93 /* Preview Content */,
			);
			path = SwiftUIBasic;
			sourceTree = "<group>";
		};
		CD717EE827D9746000C3DC93 /* Preview Content */ = {
			isa = PBXGroup;
			children = (
				CD717EE927D9746000C3DC93 /* Preview Assets.xcassets */,
			);
			path = "Preview Content";
			sourceTree = "<group>";
		};
/* End PBXGroup section */

/* Begin PBXNativeTarget section */
		CD717EDE27D9745F00C3DC93 /* SwiftUIBasic */ = {
			isa = PBXNativeTarget;
			buildConfigurationList = CD717EED27D9746000C3DC93 /* Build configuration list for PBXNativeTarget "SwiftUIBasic" */;
			buildPhases = (
				CD717EDB27D9745F00C3DC93 /* Sources */,
				CD717EDC27D9745F00C3DC93 /* Frameworks */,
				CD717EDD27D9745F00C3DC93 /* Resources */,
			);
			buildRules = (
			);
			dependencies = (
			);
			name = SwiftUIBasic;
			productName = SwiftUIBasic;
			productReference = CD717EDF27D9745F00C3DC93 /* SwiftUIBasic.app */;
			productType = "com.apple.product-type.application";
		};
/* End PBXNativeTarget section */

/* Begin PBXProject section */
		CD717ED727D9745F00C3DC93 /* Project object */ = {
			isa = PBXProject;
			attributes = {
				BuildIndependentTargetsInParallel = 1;
				LastSwiftUpdateCheck = 1320;
				LastUpgradeCheck = 1320;
				TargetAttributes = {
					CD717EDE27D9745F00C3DC93 = {
						CreatedOnToolsVersion = 13.2.1;
					};
				};
			};
			buildConfigurationList = CD717EDA27D9745F00C3DC93 /* Build configuration list for PBXProject "SwiftUIBasic" */;
			compatibilityVersion = "Xcode 13.0";
			developmentRegion = en;
			hasScannedForEncodings = 0;
			knownRegions = (
				en,
				Base,
			);
			mainGroup = CD717ED627D9745F00C3DC93;
			productRefGroup = CD717EE027D9745F00C3DC93 /* Products */;
			projectDirPath = "";
			projectRoot = "";
			targets = (
				CD717EDE27D9745F00C3DC93 /* SwiftUIBasic */,
			);
		};
/* End PBXProject section */

/* Begin PBXResourcesBuildPhase section */
		CD717EDD27D9745F00C3DC93 /* Resources */ = {
			isa = PBXResourcesBuildPhase;
			buildActionMask = 2147483647;
			files = (
				CD717EEA27D9746000C3DC93 /* Preview Assets.xcassets in Resources */,
				CD717EE727D9746000C3DC93 /* Assets.xcassets in Resources */,
			);
			runOnlyForDeploymentPostprocessing = 0;
		};
/* End PBXResourcesBuildPhase section */

/* Begin PBXSourcesBuildPhase section */
		CD717EDB27D9745F00C3DC93 /* Sources */ = {
			isa = PBXSourcesBuildPhase;
			buildActionMask = 2147483647;
			files = (
				CD595F5827D98D18006E13A5 /* Example_List1.swift in Sources */,
				CD29E31728898B550042D090 /* Example_Label.swift in Sources */,
				CD1AB412288F5BA300BC8AA7 /* Example_Alert.swift in Sources */,
				CDBEAA8927FC6D5000E295BC /* Example_SafariVC.swift in Sources */,
				CD1B859A288A542700520CC2 /* Example_AttributedString.swift in Sources */,
				CD1B859E288B81E900520CC2 /* Example_NavigationStack1.swift in Sources */,
				CD595F5627D98873006E13A5 /* Example_ZStack.swift in Sources */,
				CD595F5427D9849B006E13A5 /* Example_HStack.swift in Sources */,
				CD52DE61288A4520007FA14C /* Example_Preview1.swift in Sources */,
				CD717EF327D97B6F00C3DC93 /* Example_VStack.swift in Sources */,
				CD29E3192889EEF70042D090 /* Example_Group.swift in Sources */,
				CD343D4F288E48720048E4F1 /* Example_NavigationStack2.swift in Sources */,
				CD717EF127D9762D00C3DC93 /* Example_Text.swift in Sources */,
				CD717EE527D9745F00C3DC93 /* ContentView.swift in Sources */,
				CD29E31B2889F2840042D090 /* Example_TimelineView.swift in Sources */,
				CD52DE63288A4A0A007FA14C /* Example_Preview2.swift in Sources */,
				CD717EE327D9745F00C3DC93 /* SwiftUIBasicApp.swift in Sources */,
				CDF3406827D99F4000DF6E57 /* Example_Modal.swift in Sources */,
				CDF3406627D999F200DF6E57 /* Example_List2.swift in Sources */,
			);
			runOnlyForDeploymentPostprocessing = 0;
		};
/* End PBXSourcesBuildPhase section */

/* Begin XCBuildConfiguration section */
		CD717EEB27D9746000C3DC93 /* Debug */ = {
			isa = XCBuildConfiguration;
			buildSettings = {
				ALWAYS_SEARCH_USER_PATHS = NO;
				CLANG_ANALYZER_NONNULL = YES;
				CLANG_ANALYZER_NUMBER_OBJECT_CONVERSION = YES_AGGRESSIVE;
				CLANG_CXX_LANGUAGE_STANDARD = "gnu++17";
				CLANG_CXX_LIBRARY = "libc++";
				CLANG_ENABLE_MODULES = YES;
				CLANG_ENABLE_OBJC_ARC = YES;
				CLANG_ENABLE_OBJC_WEAK = YES;
				CLANG_WARN_BLOCK_CAPTURE_AUTORELEASING = YES;
				CLANG_WARN_BOOL_CONVERSION = YES;
				CLANG_WARN_COMMA = YES;
				CLANG_WARN_CONSTANT_CONVERSION = YES;
				CLANG_WARN_DEPRECATED_OBJC_IMPLEMENTATIONS = YES;
				CLANG_WARN_DIRECT_OBJC_ISA_USAGE = YES_ERROR;
				CLANG_WARN_DOCUMENTATION_COMMENTS = YES;
				CLANG_WARN_EMPTY_BODY = YES;
				CLANG_WARN_ENUM_CONVERSION = YES;
				CLANG_WARN_INFINITE_RECURSION = YES;
				CLANG_WARN_INT_CONVERSION = YES;
				CLANG_WARN_NON_LITERAL_NULL_CONVERSION = YES;
				CLANG_WARN_OBJC_IMPLICIT_RETAIN_SELF = YES;
				CLANG_WARN_OBJC_LITERAL_CONVERSION = YES;
				CLANG_WARN_OBJC_ROOT_CLASS = YES_ERROR;
				CLANG_WARN_QUOTED_INCLUDE_IN_FRAMEWORK_HEADER = YES;
				CLANG_WARN_RANGE_LOOP_ANALYSIS = YES;
				CLANG_WARN_STRICT_PROTOTYPES = YES;
				CLANG_WARN_SUSPICIOUS_MOVE = YES;
				CLANG_WARN_UNGUARDED_AVAILABILITY = YES_AGGRESSIVE;
				CLANG_WARN_UNREACHABLE_CODE = YES;
				CLANG_WARN__DUPLICATE_METHOD_MATCH = YES;
				COPY_PHASE_STRIP = NO;
				DEBUG_INFORMATION_FORMAT = dwarf;
				ENABLE_STRICT_OBJC_MSGSEND = YES;
				ENABLE_TESTABILITY = YES;
				GCC_C_LANGUAGE_STANDARD = gnu11;
				GCC_DYNAMIC_NO_PIC = NO;
				GCC_NO_COMMON_BLOCKS = YES;
				GCC_OPTIMIZATION_LEVEL = 0;
				GCC_PREPROCESSOR_DEFINITIONS = (
					"DEBUG=1",
					"$(inherited)",
				);
				GCC_WARN_64_TO_32_BIT_CONVERSION = YES;
				GCC_WARN_ABOUT_RETURN_TYPE = YES_ERROR;
				GCC_WARN_UNDECLARED_SELECTOR = YES;
				GCC_WARN_UNINITIALIZED_AUTOS = YES_AGGRESSIVE;
				GCC_WARN_UNUSED_FUNCTION = YES;
				GCC_WARN_UNUSED_VARIABLE = YES;
				IPHONEOS_DEPLOYMENT_TARGET = 15.2;
				MTL_ENABLE_DEBUG_INFO = INCLUDE_SOURCE;
				MTL_FAST_MATH = YES;
				ONLY_ACTIVE_ARCH = YES;
				SDKROOT = iphoneos;
				SWIFT_ACTIVE_COMPILATION_CONDITIONS = DEBUG;
				SWIFT_OPTIMIZATION_LEVEL = "-Onone";
			};
			name = Debug;
		};
		CD717EEC27D9746000C3DC93 /* Release */ = {
			isa = XCBuildConfiguration;
			buildSettings = {
				ALWAYS_SEARCH_USER_PATHS = NO;
				CLANG_ANALYZER_NONNULL = YES;
				CLANG_ANALYZER_NUMBER_OBJECT_CONVERSION = YES_AGGRESSIVE;
				CLANG_CXX_LANGUAGE_STANDARD = "gnu++17";
				CLANG_CXX_LIBRARY = "libc++";
				CLANG_ENABLE_MODULES = YES;
				CLANG_ENABLE_OBJC_ARC = YES;
				CLANG_ENABLE_OBJC_WEAK = YES;
				CLANG_WARN_BLOCK_CAPTURE_AUTORELEASING = YES;
				CLANG_WARN_BOOL_CONVERSION = YES;
				CLANG_WARN_COMMA = YES;
				CLANG_WARN_CONSTANT_CONVERSION = YES;
				CLANG_WARN_DEPRECATED_OBJC_IMPLEMENTATIONS = YES;
				CLANG_WARN_DIRECT_OBJC_ISA_USAGE = YES_ERROR;
				CLANG_WARN_DOCUMENTATION_COMMENTS = YES;
				CLANG_WARN_EMPTY_BODY = YES;
				CLANG_WARN_ENUM_CONVERSION = YES;
				CLANG_WARN_INFINITE_RECURSION = YES;
				CLANG_WARN_INT_CONVERSION = YES;
				CLANG_WARN_NON_LITERAL_NULL_CONVERSION = YES;
				CLANG_WARN_OBJC_IMPLICIT_RETAIN_SELF = YES;
				CLANG_WARN_OBJC_LITERAL_CONVERSION = YES;
				CLANG_WARN_OBJC_ROOT_CLASS = YES_ERROR;
				CLANG_WARN_QUOTED_INCLUDE_IN_FRAMEWORK_HEADER = YES;
				CLANG_WARN_RANGE_LOOP_ANALYSIS = YES;
				CLANG_WARN_STRICT_PROTOTYPES = YES;
				CLANG_WARN_SUSPICIOUS_MOVE = YES;
				CLANG_WARN_UNGUARDED_AVAILABILITY = YES_AGGRESSIVE;
				CLANG_WARN_UNREACHABLE_CODE = YES;
				CLANG_WARN__DUPLICATE_METHOD_MATCH = YES;
				COPY_PHASE_STRIP = NO;
				DEBUG_INFORMATION_FORMAT = "dwarf-with-dsym";
				ENABLE_NS_ASSERTIONS = NO;
				ENABLE_STRICT_OBJC_MSGSEND = YES;
				GCC_C_LANGUAGE_STANDARD = gnu11;
				GCC_NO_COMMON_BLOCKS = YES;
				GCC_WARN_64_TO_32_BIT_CONVERSION = YES;
				GCC_WARN_ABOUT_RETURN_TYPE = YES_ERROR;
				GCC_WARN_UNDECLARED_SELECTOR = YES;
				GCC_WARN_UNINITIALIZED_AUTOS = YES_AGGRESSIVE;
				GCC_WARN_UNUSED_FUNCTION = YES;
				GCC_WARN_UNUSED_VARIABLE = YES;
				IPHONEOS_DEPLOYMENT_TARGET = 15.2;
				MTL_ENABLE_DEBUG_INFO = NO;
				MTL_FAST_MATH = YES;
				SDKROOT = iphoneos;
				SWIFT_COMPILATION_MODE = wholemodule;
				SWIFT_OPTIMIZATION_LEVEL = "-O";
				VALIDATE_PRODUCT = YES;
			};
			name = Release;
		};
		CD717EEE27D9746000C3DC93 /* Debug */ = {
			isa = XCBuildConfiguration;
			buildSettings = {
				ASSETCATALOG_COMPILER_APPICON_NAME = AppIcon;
				ASSETCATALOG_COMPILER_GLOBAL_ACCENT_COLOR_NAME = AccentColor;
				CODE_SIGN_STYLE = Automatic;
				CURRENT_PROJECT_VERSION = 1;
				DEVELOPMENT_ASSET_PATHS = "\"SwiftUIBasic/Preview Content\"";
				ENABLE_PREVIEWS = YES;
				GENERATE_INFOPLIST_FILE = YES;
				INFOPLIST_KEY_UIApplicationSceneManifest_Generation = YES;
				INFOPLIST_KEY_UIApplicationSupportsIndirectInputEvents = YES;
				INFOPLIST_KEY_UILaunchScreen_Generation = YES;
				INFOPLIST_KEY_UISupportedInterfaceOrientations_iPad = "UIInterfaceOrientationPortrait UIInterfaceOrientationPortraitUpsideDown UIInterfaceOrientationLandscapeLeft UIInterfaceOrientationLandscapeRight";
				INFOPLIST_KEY_UISupportedInterfaceOrientations_iPhone = "UIInterfaceOrientationPortrait UIInterfaceOrientationLandscapeLeft UIInterfaceOrientationLandscapeRight";
				IPHONEOS_DEPLOYMENT_TARGET = 16.0;
				LD_RUNPATH_SEARCH_PATHS = (
					"$(inherited)",
					"@executable_path/Frameworks",
				);
				MARKETING_VERSION = 1.0;
				PRODUCT_BUNDLE_IDENTIFIER = com.example.swiftui.SwiftUIBasic;
				PRODUCT_NAME = "$(TARGET_NAME)";
				SWIFT_EMIT_LOC_STRINGS = YES;
				SWIFT_VERSION = 5.0;
				TARGETED_DEVICE_FAMILY = "1,2";
			};
			name = Debug;
		};
		CD717EEF27D9746000C3DC93 /* Release */ = {
			isa = XCBuildConfiguration;
			buildSettings = {
				ASSETCATALOG_COMPILER_APPICON_NAME = AppIcon;
				ASSETCATALOG_COMPILER_GLOBAL_ACCENT_COLOR_NAME = AccentColor;
				CODE_SIGN_STYLE = Automatic;
				CURRENT_PROJECT_VERSION = 1;
				DEVELOPMENT_ASSET_PATHS = "\"SwiftUIBasic/Preview Content\"";
				ENABLE_PREVIEWS = YES;
				GENERATE_INFOPLIST_FILE = YES;
				INFOPLIST_KEY_UIApplicationSceneManifest_Generation = YES;
				INFOPLIST_KEY_UIApplicationSupportsIndirectInputEvents = YES;
				INFOPLIST_KEY_UILaunchScreen_Generation = YES;
				INFOPLIST_KEY_UISupportedInterfaceOrientations_iPad = "UIInterfaceOrientationPortrait UIInterfaceOrientationPortraitUpsideDown UIInterfaceOrientationLandscapeLeft UIInterfaceOrientationLandscapeRight";
				INFOPLIST_KEY_UISupportedInterfaceOrientations_iPhone = "UIInterfaceOrientationPortrait UIInterfaceOrientationLandscapeLeft UIInterfaceOrientationLandscapeRight";
				IPHONEOS_DEPLOYMENT_TARGET = 16.0;
				LD_RUNPATH_SEARCH_PATHS = (
					"$(inherited)",
					"@executable_path/Frameworks",
				);
				MARKETING_VERSION = 1.0;
				PRODUCT_BUNDLE_IDENTIFIER = com.example.swiftui.SwiftUIBasic;
				PRODUCT_NAME = "$(TARGET_NAME)";
				SWIFT_EMIT_LOC_STRINGS = YES;
				SWIFT_VERSION = 5.0;
				TARGETED_DEVICE_FAMILY = "1,2";
			};
			name = Release;
		};
/* End XCBuildConfiguration section */

/* Begin XCConfigurationList section */
		CD717EDA27D9745F00C3DC93 /* Build configuration list for PBXProject "SwiftUIBasic" */ = {
			isa = XCConfigurationList;
			buildConfigurations = (
				CD717EEB27D9746000C3DC93 /* Debug */,
				CD717EEC27D9746000C3DC93 /* Release */,
			);
			defaultConfigurationIsVisible = 0;
			defaultConfigurationName = Release;
		};
		CD717EED27D9746000C3DC93 /* Build configuration list for PBXNativeTarget "SwiftUIBasic" */ = {
			isa = XCConfigurationList;
			buildConfigurations = (
				CD717EEE27D9746000C3DC93 /* Debug */,
				CD717EEF27D9746000C3DC93 /* Release */,
			);
			defaultConfigurationIsVisible = 0;
			defaultConfigurationName = Release;
		};
/* End XCConfigurationList section */
	};
	rootObject = CD717ED727D9745F00C3DC93 /* Project object */;
}
